// !$*UTF8*$!
{
	archiveVersion = 1;
	classes = {
	};
	objectVersion = 50;
	objects = {

/* Begin PBXBuildFile section */
		8C21D2E8220AD64400079317 /* AppDelegate.swift in Sources */ = {isa = PBXBuildFile; fileRef = 8C21D2E7220AD64400079317 /* AppDelegate.swift */; };
		8C21D2EA220AD64400079317 /* ViewController.swift in Sources */ = {isa = PBXBuildFile; fileRef = 8C21D2E9220AD64400079317 /* ViewController.swift */; };
		8C21D2ED220AD64400079317 /* Main.storyboard in Resources */ = {isa = PBXBuildFile; fileRef = 8C21D2EB220AD64400079317 /* Main.storyboard */; };
		8C21D2EF220AD64400079317 /* Assets.xcassets in Resources */ = {isa = PBXBuildFile; fileRef = 8C21D2EE220AD64400079317 /* Assets.xcassets */; };
		8C21D2F2220AD64400079317 /* LaunchScreen.storyboard in Resources */ = {isa = PBXBuildFile; fileRef = 8C21D2F0220AD64400079317 /* LaunchScreen.storyboard */; };
		8C21D2FD220AD64400079317 /* MatchTheMembersTests.swift in Sources */ = {isa = PBXBuildFile; fileRef = 8C21D2FC220AD64400079317 /* MatchTheMembersTests.swift */; };
		8C21D308220AD64400079317 /* MatchTheMembersUITests.swift in Sources */ = {isa = PBXBuildFile; fileRef = 8C21D307220AD64400079317 /* MatchTheMembersUITests.swift */; };
/* End PBXBuildFile section */

/* Begin PBXContainerItemProxy section */
		8C21D2F9220AD64400079317 /* PBXContainerItemProxy */ = {
			isa = PBXContainerItemProxy;
			containerPortal = 8C21D2DC220AD64400079317 /* Project object */;
			proxyType = 1;
			remoteGlobalIDString = 8C21D2E3220AD64400079317;
			remoteInfo = MatchTheMembers;
		};
		8C21D304220AD64400079317 /* PBXContainerItemProxy */ = {
			isa = PBXContainerItemProxy;
			containerPortal = 8C21D2DC220AD64400079317 /* Project object */;
			proxyType = 1;
			remoteGlobalIDString = 8C21D2E3220AD64400079317;
			remoteInfo = MatchTheMembers;
		};
/* End PBXContainerItemProxy section */

/* Begin PBXFileReference section */
		8C21D2E4220AD64400079317 /* MatchTheMembers.app */ = {isa = PBXFileReference; explicitFileType = wrapper.application; includeInIndex = 0; path = MatchTheMembers.app; sourceTree = BUILT_PRODUCTS_DIR; };
		8C21D2E7220AD64400079317 /* AppDelegate.swift */ = {isa = PBXFileReference; lastKnownFileType = sourcecode.swift; path = AppDelegate.swift; sourceTree = "<group>"; };
		8C21D2E9220AD64400079317 /* ViewController.swift */ = {isa = PBXFileReference; lastKnownFileType = sourcecode.swift; path = ViewController.swift; sourceTree = "<group>"; };
		8C21D2EC220AD64400079317 /* Base */ = {isa = PBXFileReference; lastKnownFileType = file.storyboard; name = Base; path = Base.lproj/Main.storyboard; sourceTree = "<group>"; };
		8C21D2EE220AD64400079317 /* Assets.xcassets */ = {isa = PBXFileReference; lastKnownFileType = folder.assetcatalog; path = Assets.xcassets; sourceTree = "<group>"; };
		8C21D2F1220AD64400079317 /* Base */ = {isa = PBXFileReference; lastKnownFileType = file.storyboard; name = Base; path = Base.lproj/LaunchScreen.storyboard; sourceTree = "<group>"; };
		8C21D2F3220AD64400079317 /* Info.plist */ = {isa = PBXFileReference; lastKnownFileType = text.plist.xml; path = Info.plist; sourceTree = "<group>"; };
		8C21D2F8220AD64400079317 /* MatchTheMembersTests.xctest */ = {isa = PBXFileReference; explicitFileType = wrapper.cfbundle; includeInIndex = 0; path = MatchTheMembersTests.xctest; sourceTree = BUILT_PRODUCTS_DIR; };
		8C21D2FC220AD64400079317 /* MatchTheMembersTests.swift */ = {isa = PBXFileReference; lastKnownFileType = sourcecode.swift; path = MatchTheMembersTests.swift; sourceTree = "<group>"; };
		8C21D2FE220AD64400079317 /* Info.plist */ = {isa = PBXFileReference; lastKnownFileType = text.plist.xml; path = Info.plist; sourceTree = "<group>"; };
		8C21D303220AD64400079317 /* MatchTheMembersUITests.xctest */ = {isa = PBXFileReference; explicitFileType = wrapper.cfbundle; includeInIndex = 0; path = MatchTheMembersUITests.xctest; sourceTree = BUILT_PRODUCTS_DIR; };
		8C21D307220AD64400079317 /* MatchTheMembersUITests.swift */ = {isa = PBXFileReference; lastKnownFileType = sourcecode.swift; path = MatchTheMembersUITests.swift; sourceTree = "<group>"; };
		8C21D309220AD64400079317 /* Info.plist */ = {isa = PBXFileReference; lastKnownFileType = text.plist.xml; path = Info.plist; sourceTree = "<group>"; };
/* End PBXFileReference section */

/* Begin PBXFrameworksBuildPhase section */
		8C21D2E1220AD64400079317 /* Frameworks */ = {
			isa = PBXFrameworksBuildPhase;
			buildActionMask = 2147483647;
			files = (
			);
			runOnlyForDeploymentPostprocessing = 0;
		};
		8C21D2F5220AD64400079317 /* Frameworks */ = {
			isa = PBXFrameworksBuildPhase;
			buildActionMask = 2147483647;
			files = (
			);
			runOnlyForDeploymentPostprocessing = 0;
		};
		8C21D300220AD64400079317 /* Frameworks */ = {
			isa = PBXFrameworksBuildPhase;
			buildActionMask = 2147483647;
			files = (
			);
			runOnlyForDeploymentPostprocessing = 0;
		};
/* End PBXFrameworksBuildPhase section */

/* Begin PBXGroup section */
		8C21D2DB220AD64400079317 = {
			isa = PBXGroup;
			children = (
				8C21D2E6220AD64400079317 /* MatchTheMembers */,
				8C21D2FB220AD64400079317 /* MatchTheMembersTests */,
				8C21D306220AD64400079317 /* MatchTheMembersUITests */,
				8C21D2E5220AD64400079317 /* Products */,
			);
			sourceTree = "<group>";
		};
		8C21D2E5220AD64400079317 /* Products */ = {
			isa = PBXGroup;
			children = (
				8C21D2E4220AD64400079317 /* MatchTheMembers.app */,
				8C21D2F8220AD64400079317 /* MatchTheMembersTests.xctest */,
				8C21D303220AD64400079317 /* MatchTheMembersUITests.xctest */,
			);
			name = Products;
			sourceTree = "<group>";
		};
		8C21D2E6220AD64400079317 /* MatchTheMembers */ = {
			isa = PBXGroup;
			children = (
				8C21D2E7220AD64400079317 /* AppDelegate.swift */,
				8C21D2E9220AD64400079317 /* ViewController.swift */,
				8C21D2EB220AD64400079317 /* Main.storyboard */,
				8C21D2EE220AD64400079317 /* Assets.xcassets */,
				8C21D2F0220AD64400079317 /* LaunchScreen.storyboard */,
				8C21D2F3220AD64400079317 /* Info.plist */,
			);
			path = MatchTheMembers;
			sourceTree = "<group>";
		};
		8C21D2FB220AD64400079317 /* MatchTheMembersTests */ = {
			isa = PBXGroup;
			children = (
				8C21D2FC220AD64400079317 /* MatchTheMembersTests.swift */,
				8C21D2FE220AD64400079317 /* Info.plist */,
			);
			path = MatchTheMembersTests;
			sourceTree = "<group>";
		};
		8C21D306220AD64400079317 /* MatchTheMembersUITests */ = {
			isa = PBXGroup;
			children = (
				8C21D307220AD64400079317 /* MatchTheMembersUITests.swift */,
				8C21D309220AD64400079317 /* Info.plist */,
			);
			path = MatchTheMembersUITests;
			sourceTree = "<group>";
		};
/* End PBXGroup section */

/* Begin PBXNativeTarget section */
		8C21D2E3220AD64400079317 /* MatchTheMembers */ = {
			isa = PBXNativeTarget;
			buildConfigurationList = 8C21D30C220AD64400079317 /* Build configuration list for PBXNativeTarget "MatchTheMembers" */;
			buildPhases = (
				8C21D2E0220AD64400079317 /* Sources */,
				8C21D2E1220AD64400079317 /* Frameworks */,
				8C21D2E2220AD64400079317 /* Resources */,
			);
			buildRules = (
			);
			dependencies = (
			);
			name = MatchTheMembers;
			productName = MatchTheMembers;
			productReference = 8C21D2E4220AD64400079317 /* MatchTheMembers.app */;
			productType = "com.apple.product-type.application";
		};
		8C21D2F7220AD64400079317 /* MatchTheMembersTests */ = {
			isa = PBXNativeTarget;
			buildConfigurationList = 8C21D30F220AD64400079317 /* Build configuration list for PBXNativeTarget "MatchTheMembersTests" */;
			buildPhases = (
				8C21D2F4220AD64400079317 /* Sources */,
				8C21D2F5220AD64400079317 /* Frameworks */,
				8C21D2F6220AD64400079317 /* Resources */,
			);
			buildRules = (
			);
			dependencies = (
				8C21D2FA220AD64400079317 /* PBXTargetDependency */,
			);
			name = MatchTheMembersTests;
			productName = MatchTheMembersTests;
			productReference = 8C21D2F8220AD64400079317 /* MatchTheMembersTests.xctest */;
			productType = "com.apple.product-type.bundle.unit-test";
		};
		8C21D302220AD64400079317 /* MatchTheMembersUITests */ = {
			isa = PBXNativeTarget;
			buildConfigurationList = 8C21D312220AD64400079317 /* Build configuration list for PBXNativeTarget "MatchTheMembersUITests" */;
			buildPhases = (
				8C21D2FF220AD64400079317 /* Sources */,
				8C21D300220AD64400079317 /* Frameworks */,
				8C21D301220AD64400079317 /* Resources */,
			);
			buildRules = (
			);
			dependencies = (
				8C21D305220AD64400079317 /* PBXTargetDependency */,
			);
			name = MatchTheMembersUITests;
			productName = MatchTheMembersUITests;
			productReference = 8C21D303220AD64400079317 /* MatchTheMembersUITests.xctest */;
			productType = "com.apple.product-type.bundle.ui-testing";
		};
/* End PBXNativeTarget section */

/* Begin PBXProject section */
		8C21D2DC220AD64400079317 /* Project object */ = {
			isa = PBXProject;
			attributes = {
				LastSwiftUpdateCheck = 1010;
				LastUpgradeCheck = 1010;
				ORGANIZATIONNAME = "Tyler Reinecke";
				TargetAttributes = {
					8C21D2E3220AD64400079317 = {
						CreatedOnToolsVersion = 10.1;
					};
					8C21D2F7220AD64400079317 = {
						CreatedOnToolsVersion = 10.1;
						TestTargetID = 8C21D2E3220AD64400079317;
					};
					8C21D302220AD64400079317 = {
						CreatedOnToolsVersion = 10.1;
						TestTargetID = 8C21D2E3220AD64400079317;
					};
				};
			};
			buildConfigurationList = 8C21D2DF220AD64400079317 /* Build configuration list for PBXProject "MatchTheMembers" */;
			compatibilityVersion = "Xcode 9.3";
			developmentRegion = en;
			hasScannedForEncodings = 0;
			knownRegions = (
				en,
				Base,
			);
			mainGroup = 8C21D2DB220AD64400079317;
			productRefGroup = 8C21D2E5220AD64400079317 /* Products */;
			projectDirPath = "";
			projectRoot = "";
			targets = (
				8C21D2E3220AD64400079317 /* MatchTheMembers */,
				8C21D2F7220AD64400079317 /* MatchTheMembersTests */,
				8C21D302220AD64400079317 /* MatchTheMembersUITests */,
			);
		};
/* End PBXProject section */

/* Begin PBXResourcesBuildPhase section */
		8C21D2E2220AD64400079317 /* Resources */ = {
			isa = PBXResourcesBuildPhase;
			buildActionMask = 2147483647;
			files = (
				8C21D2F2220AD64400079317 /* LaunchScreen.storyboard in Resources */,
				8C21D2EF220AD64400079317 /* Assets.xcassets in Resources */,
				8C21D2ED220AD64400079317 /* Main.storyboard in Resources */,
			);
			runOnlyForDeploymentPostprocessing = 0;
		};
		8C21D2F6220AD64400079317 /* Resources */ = {
			isa = PBXResourcesBuildPhase;
			buildActionMask = 2147483647;
			files = (
			);
			runOnlyForDeploymentPostprocessing = 0;
		};
		8C21D301220AD64400079317 /* Resources */ = {
			isa = PBXResourcesBuildPhase;
			buildActionMask = 2147483647;
			files = (
			);
			runOnlyForDeploymentPostprocessing = 0;
		};
/* End PBXResourcesBuildPhase section */

/* Begin PBXSourcesBuildPhase section */
		8C21D2E0220AD64400079317 /* Sources */ = {
			isa = PBXSourcesBuildPhase;
			buildActionMask = 2147483647;
			files = (
				8C21D2EA220AD64400079317 /* ViewController.swift in Sources */,
				8C21D2E8220AD64400079317 /* AppDelegate.swift in Sources */,
			);
			runOnlyForDeploymentPostprocessing = 0;
		};
		8C21D2F4220AD64400079317 /* Sources */ = {
			isa = PBXSourcesBuildPhase;
			buildActionMask = 2147483647;
			files = (
				8C21D2FD220AD64400079317 /* MatchTheMembersTests.swift in Sources */,
			);
			runOnlyForDeploymentPostprocessing = 0;
		};
		8C21D2FF220AD64400079317 /* Sources */ = {
			isa = PBXSourcesBuildPhase;
			buildActionMask = 2147483647;
			files = (
				8C21D308220AD64400079317 /* MatchTheMembersUITests.swift in Sources */,
			);
			runOnlyForDeploymentPostprocessing = 0;
		};
/* End PBXSourcesBuildPhase section */

/* Begin PBXTargetDependency section */
		8C21D2FA220AD64400079317 /* PBXTargetDependency */ = {
			isa = PBXTargetDependency;
			target = 8C21D2E3220AD64400079317 /* MatchTheMembers */;
			targetProxy = 8C21D2F9220AD64400079317 /* PBXContainerItemProxy */;
		};
		8C21D305220AD64400079317 /* PBXTargetDependency */ = {
			isa = PBXTargetDependency;
			target = 8C21D2E3220AD64400079317 /* MatchTheMembers */;
			targetProxy = 8C21D304220AD64400079317 /* PBXContainerItemProxy */;
		};
/* End PBXTargetDependency section */

/* Begin PBXVariantGroup section */
		8C21D2EB220AD64400079317 /* Main.storyboard */ = {
			isa = PBXVariantGroup;
			children = (
				8C21D2EC220AD64400079317 /* Base */,
			);
			name = Main.storyboard;
			sourceTree = "<group>";
		};
		8C21D2F0220AD64400079317 /* LaunchScreen.storyboard */ = {
			isa = PBXVariantGroup;
			children = (
				8C21D2F1220AD64400079317 /* Base */,
			);
			name = LaunchScreen.storyboard;
			sourceTree = "<group>";
		};
/* End PBXVariantGroup section */

/* Begin XCBuildConfiguration section */
		8C21D30A220AD64400079317 /* Debug */ = {
			isa = XCBuildConfiguration;
			buildSettings = {
				ALWAYS_SEARCH_USER_PATHS = NO;
				CLANG_ANALYZER_NONNULL = YES;
				CLANG_ANALYZER_NUMBER_OBJECT_CONVERSION = YES_AGGRESSIVE;
				CLANG_CXX_LANGUAGE_STANDARD = "gnu++14";
				CLANG_CXX_LIBRARY = "libc++";
				CLANG_ENABLE_MODULES = YES;
				CLANG_ENABLE_OBJC_ARC = YES;
				CLANG_ENABLE_OBJC_WEAK = YES;
				CLANG_WARN_BLOCK_CAPTURE_AUTORELEASING = YES;
				CLANG_WARN_BOOL_CONVERSION = YES;
				CLANG_WARN_COMMA = YES;
				CLANG_WARN_CONSTANT_CONVERSION = YES;
				CLANG_WARN_DEPRECATED_OBJC_IMPLEMENTATIONS = YES;
				CLANG_WARN_DIRECT_OBJC_ISA_USAGE = YES_ERROR;
				CLANG_WARN_DOCUMENTATION_COMMENTS = YES;
				CLANG_WARN_EMPTY_BODY = YES;
				CLANG_WARN_ENUM_CONVERSION = YES;
				CLANG_WARN_INFINITE_RECURSION = YES;
				CLANG_WARN_INT_CONVERSION = YES;
				CLANG_WARN_NON_LITERAL_NULL_CONVERSION = YES;
				CLANG_WARN_OBJC_IMPLICIT_RETAIN_SELF = YES;
				CLANG_WARN_OBJC_LITERAL_CONVERSION = YES;
				CLANG_WARN_OBJC_ROOT_CLASS = YES_ERROR;
				CLANG_WARN_RANGE_LOOP_ANALYSIS = YES;
				CLANG_WARN_STRICT_PROTOTYPES = YES;
				CLANG_WARN_SUSPICIOUS_MOVE = YES;
				CLANG_WARN_UNGUARDED_AVAILABILITY = YES_AGGRESSIVE;
				CLANG_WARN_UNREACHABLE_CODE = YES;
				CLANG_WARN__DUPLICATE_METHOD_MATCH = YES;
				CODE_SIGN_IDENTITY = "iPhone Developer";
				COPY_PHASE_STRIP = NO;
				DEBUG_INFORMATION_FORMAT = dwarf;
				ENABLE_STRICT_OBJC_MSGSEND = YES;
				ENABLE_TESTABILITY = YES;
				GCC_C_LANGUAGE_STANDARD = gnu11;
				GCC_DYNAMIC_NO_PIC = NO;
				GCC_NO_COMMON_BLOCKS = YES;
				GCC_OPTIMIZATION_LEVEL = 0;
				GCC_PREPROCESSOR_DEFINITIONS = (
					"DEBUG=1",
					"$(inherited)",
				);
				GCC_WARN_64_TO_32_BIT_CONVERSION = YES;
				GCC_WARN_ABOUT_RETURN_TYPE = YES_ERROR;
				GCC_WARN_UNDECLARED_SELECTOR = YES;
				GCC_WARN_UNINITIALIZED_AUTOS = YES_AGGRESSIVE;
				GCC_WARN_UNUSED_FUNCTION = YES;
				GCC_WARN_UNUSED_VARIABLE = YES;
				IPHONEOS_DEPLOYMENT_TARGET = 12.1;
				MTL_ENABLE_DEBUG_INFO = INCLUDE_SOURCE;
				MTL_FAST_MATH = YES;
				ONLY_ACTIVE_ARCH = YES;
				SDKROOT = iphoneos;
				SWIFT_ACTIVE_COMPILATION_CONDITIONS = DEBUG;
				SWIFT_OPTIMIZATION_LEVEL = "-Onone";
			};
			name = Debug;
		};
		8C21D30B220AD64400079317 /* Release */ = {
			isa = XCBuildConfiguration;
			buildSettings = {
				ALWAYS_SEARCH_USER_PATHS = NO;
				CLANG_ANALYZER_NONNULL = YES;
				CLANG_ANALYZER_NUMBER_OBJECT_CONVERSION = YES_AGGRESSIVE;
				CLANG_CXX_LANGUAGE_STANDARD = "gnu++14";
				CLANG_CXX_LIBRARY = "libc++";
				CLANG_ENABLE_MODULES = YES;
				CLANG_ENABLE_OBJC_ARC = YES;
				CLANG_ENABLE_OBJC_WEAK = YES;
				CLANG_WARN_BLOCK_CAPTURE_AUTORELEASING = YES;
				CLANG_WARN_BOOL_CONVERSION = YES;
				CLANG_WARN_COMMA = YES;
				CLANG_WARN_CONSTANT_CONVERSION = YES;
				CLANG_WARN_DEPRECATED_OBJC_IMPLEMENTATIONS = YES;
				CLANG_WARN_DIRECT_OBJC_ISA_USAGE = YES_ERROR;
				CLANG_WARN_DOCUMENTATION_COMMENTS = YES;
				CLANG_WARN_EMPTY_BODY = YES;
				CLANG_WARN_ENUM_CONVERSION = YES;
				CLANG_WARN_INFINITE_RECURSION = YES;
				CLANG_WARN_INT_CONVERSION = YES;
				CLANG_WARN_NON_LITERAL_NULL_CONVERSION = YES;
				CLANG_WARN_OBJC_IMPLICIT_RETAIN_SELF = YES;
				CLANG_WARN_OBJC_LITERAL_CONVERSION = YES;
				CLANG_WARN_OBJC_ROOT_CLASS = YES_ERROR;
				CLANG_WARN_RANGE_LOOP_ANALYSIS = YES;
				CLANG_WARN_STRICT_PROTOTYPES = YES;
				CLANG_WARN_SUSPICIOUS_MOVE = YES;
				CLANG_WARN_UNGUARDED_AVAILABILITY = YES_AGGRESSIVE;
				CLANG_WARN_UNREACHABLE_CODE = YES;
				CLANG_WARN__DUPLICATE_METHOD_MATCH = YES;
				CODE_SIGN_IDENTITY = "iPhone Developer";
				COPY_PHASE_STRIP = NO;
				DEBUG_INFORMATION_FORMAT = "dwarf-with-dsym";
				ENABLE_NS_ASSERTIONS = NO;
				ENABLE_STRICT_OBJC_MSGSEND = YES;
				GCC_C_LANGUAGE_STANDARD = gnu11;
				GCC_NO_COMMON_BLOCKS = YES;
				GCC_WARN_64_TO_32_BIT_CONVERSION = YES;
				GCC_WARN_ABOUT_RETURN_TYPE = YES_ERROR;
				GCC_WARN_UNDECLARED_SELECTOR = YES;
				GCC_WARN_UNINITIALIZED_AUTOS = YES_AGGRESSIVE;
				GCC_WARN_UNUSED_FUNCTION = YES;
				GCC_WARN_UNUSED_VARIABLE = YES;
				IPHONEOS_DEPLOYMENT_TARGET = 12.1;
				MTL_ENABLE_DEBUG_INFO = NO;
				MTL_FAST_MATH = YES;
				SDKROOT = iphoneos;
				SWIFT_COMPILATION_MODE = wholemodule;
				SWIFT_OPTIMIZATION_LEVEL = "-O";
				VALIDATE_PRODUCT = YES;
			};
			name = Release;
		};
		8C21D30D220AD64400079317 /* Debug */ = {
			isa = XCBuildConfiguration;
			buildSettings = {
				ASSETCATALOG_COMPILER_APPICON_NAME = AppIcon;
				CODE_SIGN_STYLE = Automatic;
				DEVELOPMENT_TEAM = X25TNKD63H;
				INFOPLIST_FILE = MatchTheMembers/Info.plist;
				LD_RUNPATH_SEARCH_PATHS = (
					"$(inherited)",
					"@executable_path/Frameworks",
				);
				PRODUCT_BUNDLE_IDENTIFIER = Tyler.MatchTheMembers;
				PRODUCT_NAME = "$(TARGET_NAME)";
				SWIFT_VERSION = 4.2;
				TARGETED_DEVICE_FAMILY = "1,2";
			};
			name = Debug;
		};
		8C21D30E220AD64400079317 /* Release */ = {
			isa = XCBuildConfiguration;
			buildSettings = {
				ASSETCATALOG_COMPILER_APPICON_NAME = AppIcon;
				CODE_SIGN_STYLE = Automatic;
				DEVELOPMENT_TEAM = X25TNKD63H;
				INFOPLIST_FILE = MatchTheMembers/Info.plist;
				LD_RUNPATH_SEARCH_PATHS = (
					"$(inherited)",
					"@executable_path/Frameworks",
				);
				PRODUCT_BUNDLE_IDENTIFIER = Tyler.MatchTheMembers;
				PRODUCT_NAME = "$(TARGET_NAME)";
				SWIFT_VERSION = 4.2;
				TARGETED_DEVICE_FAMILY = "1,2";
			};
			name = Release;
		};
		8C21D310220AD64400079317 /* Debug */ = {
			isa = XCBuildConfiguration;
			buildSettings = {
				ALWAYS_EMBED_SWIFT_STANDARD_LIBRARIES = YES;
				BUNDLE_LOADER = "$(TEST_HOST)";
				CODE_SIGN_STYLE = Automatic;
				DEVELOPMENT_TEAM = X25TNKD63H;
				INFOPLIST_FILE = MatchTheMembersTests/Info.plist;
				LD_RUNPATH_SEARCH_PATHS = (
					"$(inherited)",
					"@executable_path/Frameworks",
					"@loader_path/Frameworks",
				);
				PRODUCT_BUNDLE_IDENTIFIER = Tyler.MatchTheMembersTests;
				PRODUCT_NAME = "$(TARGET_NAME)";
				SWIFT_VERSION = 4.2;
				TARGETED_DEVICE_FAMILY = "1,2";
				TEST_HOST = "$(BUILT_PRODUCTS_DIR)/MatchTheMembers.app/MatchTheMembers";
			};
			name = Debug;
		};
		8C21D311220AD64400079317 /* Release */ = {
			isa = XCBuildConfiguration;
			buildSettings = {
				ALWAYS_EMBED_SWIFT_STANDARD_LIBRARIES = YES;
				BUNDLE_LOADER = "$(TEST_HOST)";
				CODE_SIGN_STYLE = Automatic;
				DEVELOPMENT_TEAM = X25TNKD63H;
				INFOPLIST_FILE = MatchTheMembersTests/Info.plist;
				LD_RUNPATH_SEARCH_PATHS = (
					"$(inherited)",
					"@executable_path/Frameworks",
					"@loader_path/Frameworks",
				);
				PRODUCT_BUNDLE_IDENTIFIER = Tyler.MatchTheMembersTests;
				PRODUCT_NAME = "$(TARGET_NAME)";
				SWIFT_VERSION = 4.2;
				TARGETED_DEVICE_FAMILY = "1,2";
				TEST_HOST = "$(BUILT_PRODUCTS_DIR)/MatchTheMembers.app/MatchTheMembers";
			};
			name = Release;
		};
		8C21D313220AD64400079317 /* Debug */ = {
			isa = XCBuildConfiguration;
			buildSettings = {
				ALWAYS_EMBED_SWIFT_STANDARD_LIBRARIES = YES;
				CODE_SIGN_STYLE = Automatic;
				DEVELOPMENT_TEAM = X25TNKD63H;
				INFOPLIST_FILE = MatchTheMembersUITests/Info.plist;
				LD_RUNPATH_SEARCH_PATHS = (
					"$(inherited)",
					"@executable_path/Frameworks",
					"@loader_path/Frameworks",
				);
				PRODUCT_BUNDLE_IDENTIFIER = Tyler.MatchTheMembersUITests;
				PRODUCT_NAME = "$(TARGET_NAME)";
				SWIFT_VERSION = 4.2;
				TARGETED_DEVICE_FAMILY = "1,2";
				TEST_TARGET_NAME = MatchTheMembers;
			};
			name = Debug;
		};
		8C21D314220AD64400079317 /* Release */ = {
			isa = XCBuildConfiguration;
			buildSettings = {
				ALWAYS_EMBED_SWIFT_STANDARD_LIBRARIES = YES;
				CODE_SIGN_STYLE = Automatic;
				DEVELOPMENT_TEAM = X25TNKD63H;
				INFOPLIST_FILE = MatchTheMembersUITests/Info.plist;
				LD_RUNPATH_SEARCH_PATHS = (
					"$(inherited)",
					"@executable_path/Frameworks",
					"@loader_path/Frameworks",
				);
				PRODUCT_BUNDLE_IDENTIFIER = Tyler.MatchTheMembersUITests;
				PRODUCT_NAME = "$(TARGET_NAME)";
				SWIFT_VERSION = 4.2;
				TARGETED_DEVICE_FAMILY = "1,2";
				TEST_TARGET_NAME = MatchTheMembers;
			};
			name = Release;
		};
/* End XCBuildConfiguration section */

/* Begin XCConfigurationList section */
		8C21D2DF220AD64400079317 /* Build configuration list for PBXProject "MatchTheMembers" */ = {
			isa = XCConfigurationList;
			buildConfigurations = (
				8C21D30A220AD64400079317 /* Debug */,
				8C21D30B220AD64400079317 /* Release */,
			);
			defaultConfigurationIsVisible = 0;
			defaultConfigurationName = Release;
		};
		8C21D30C220AD64400079317 /* Build configuration list for PBXNativeTarget "MatchTheMembers" */ = {
			isa = XCConfigurationList;
			buildConfigurations = (
				8C21D30D220AD64400079317 /* Debug */,
				8C21D30E220AD64400079317 /* Release */,
			);
			defaultConfigurationIsVisible = 0;
			defaultConfigurationName = Release;
		};
		8C21D30F220AD64400079317 /* Build configuration list for PBXNativeTarget "MatchTheMembersTests" */ = {
			isa = XCConfigurationList;
			buildConfigurations = (
				8C21D310220AD64400079317 /* Debug */,
				8C21D311220AD64400079317 /* Release */,
			);
			defaultConfigurationIsVisible = 0;
			defaultConfigurationName = Release;
		};
		8C21D312220AD64400079317 /* Build configuration list for PBXNativeTarget "MatchTheMembersUITests" */ = {
			isa = XCConfigurationList;
			buildConfigurations = (
				8C21D313220AD64400079317 /* Debug */,
				8C21D314220AD64400079317 /* Release */,
			);
			defaultConfigurationIsVisible = 0;
			defaultConfigurationName = Release;
		};
/* End XCConfigurationList section */
	};
	rootObject = 8C21D2DC220AD64400079317 /* Project object */;
}
